// !$*UTF8*$!
{
	archiveVersion = 1;
	classes = {
	};
	objectVersion = 56;
	objects = {

/* Begin PBXBuildFile section */
		AE08C2D82B9EDA6F00AEA573 /* NavigationBar.swift in Sources */ = {isa = PBXBuildFile; fileRef = AE08C2D72B9EDA6F00AEA573 /* NavigationBar.swift */; };
		AE08C2DE2B9EE98B00AEA573 /* FontFamilySample.swift in Sources */ = {isa = PBXBuildFile; fileRef = AE08C2DD2B9EE98B00AEA573 /* FontFamilySample.swift */; };
		AE08C2E02B9EEAA200AEA573 /* MarkaziText.ttf in Resources */ = {isa = PBXBuildFile; fileRef = AE08C2DA2B9EE64E00AEA573 /* MarkaziText.ttf */; };
		AE08C2E12B9EEC0C00AEA573 /* Little-Lemon-V2-Info.plist in Resources */ = {isa = PBXBuildFile; fileRef = AE08C2DB2B9EE72F00AEA573 /* Little-Lemon-V2-Info.plist */; };
		AE2EF8252B95975700663F18 /* UserProfile.swift in Sources */ = {isa = PBXBuildFile; fileRef = AE2EF8242B95975700663F18 /* UserProfile.swift */; };
		AE2EF8272B95A54700663F18 /* FetchedObjects.swift in Sources */ = {isa = PBXBuildFile; fileRef = AE2EF8262B95A54700663F18 /* FetchedObjects.swift */; };
		AE2EF8292B95A58600663F18 /* MenuListStruct.swift in Sources */ = {isa = PBXBuildFile; fileRef = AE2EF8282B95A58600663F18 /* MenuListStruct.swift */; };
		AE2EF82B2B95A58E00663F18 /* MenuItemStruct.swift in Sources */ = {isa = PBXBuildFile; fileRef = AE2EF82A2B95A58E00663F18 /* MenuItemStruct.swift */; };
		AE2EF82E2B95A95400663F18 /* ExampleDatabase.xcdatamodeld in Sources */ = {isa = PBXBuildFile; fileRef = AE2EF82C2B95A95400663F18 /* ExampleDatabase.xcdatamodeld */; };
		AE4EB28E2B9FEAF500E83EF0 /* Karla.ttf in Resources */ = {isa = PBXBuildFile; fileRef = AE4EB28C2B9FEAF500E83EF0 /* Karla.ttf */; };
		AE4EB28F2B9FEAF500E83EF0 /* Karla-Italic.ttf in Resources */ = {isa = PBXBuildFile; fileRef = AE4EB28D2B9FEAF500E83EF0 /* Karla-Italic.ttf */; };
		AE4EB2922B9FEBE300E83EF0 /* Fonts.swift in Sources */ = {isa = PBXBuildFile; fileRef = AE4EB2912B9FEBE300E83EF0 /* Fonts.swift */; };
		AE4EB2942B9FF6AF00E83EF0 /* Colors.swift in Sources */ = {isa = PBXBuildFile; fileRef = AE4EB2932B9FF6AF00E83EF0 /* Colors.swift */; };
		AE4EB2962B9FF95200E83EF0 /* UserDefaults.swift in Sources */ = {isa = PBXBuildFile; fileRef = AE4EB2952B9FF95200E83EF0 /* UserDefaults.swift */; };
		AE7322142B91B923005B665B /* Little_Lemon_V2App.swift in Sources */ = {isa = PBXBuildFile; fileRef = AE7322132B91B923005B665B /* Little_Lemon_V2App.swift */; };
		AE7322162B91B923005B665B /* ContentView.swift in Sources */ = {isa = PBXBuildFile; fileRef = AE7322152B91B923005B665B /* ContentView.swift */; };
		AE7322182B91B925005B665B /* Assets.xcassets in Resources */ = {isa = PBXBuildFile; fileRef = AE7322172B91B925005B665B /* Assets.xcassets */; };
		AE73221B2B91B925005B665B /* Preview Assets.xcassets in Resources */ = {isa = PBXBuildFile; fileRef = AE73221A2B91B925005B665B /* Preview Assets.xcassets */; };
		AE73221D2B91B925005B665B /* Persistence.swift in Sources */ = {isa = PBXBuildFile; fileRef = AE73221C2B91B925005B665B /* Persistence.swift */; };
		AE7322202B91B925005B665B /* Little_Lemon_V2.xcdatamodeld in Sources */ = {isa = PBXBuildFile; fileRef = AE73221E2B91B925005B665B /* Little_Lemon_V2.xcdatamodeld */; };
		AE7322292B91B9AB005B665B /* Onboarding.swift in Sources */ = {isa = PBXBuildFile; fileRef = AE7322282B91B9AB005B665B /* Onboarding.swift */; };
		AE73222B2B91BE0D005B665B /* Home.swift in Sources */ = {isa = PBXBuildFile; fileRef = AE73222A2B91BE0D005B665B /* Home.swift */; };
		AE73222D2B91BE31005B665B /* Menu.swift in Sources */ = {isa = PBXBuildFile; fileRef = AE73222C2B91BE31005B665B /* Menu.swift */; };
		AEA622BD2B95B5FB004BFC8E /* DishExtension.swift in Sources */ = {isa = PBXBuildFile; fileRef = AEA622BC2B95B5FB004BFC8E /* DishExtension.swift */; };
		AEA8D24B2BA1474F00BDCBF7 /* TempSample.swift in Sources */ = {isa = PBXBuildFile; fileRef = AEA8D24A2BA1474F00BDCBF7 /* TempSample.swift */; };
/* End PBXBuildFile section */

/* Begin PBXFileReference section */
		AE08C2D72B9EDA6F00AEA573 /* NavigationBar.swift */ = {isa = PBXFileReference; lastKnownFileType = sourcecode.swift; path = NavigationBar.swift; sourceTree = "<group>"; };
		AE08C2DA2B9EE64E00AEA573 /* MarkaziText.ttf */ = {isa = PBXFileReference; lastKnownFileType = file; path = MarkaziText.ttf; sourceTree = "<group>"; };
		AE08C2DB2B9EE72F00AEA573 /* Little-Lemon-V2-Info.plist */ = {isa = PBXFileReference; lastKnownFileType = text.plist; path = "Little-Lemon-V2-Info.plist"; sourceTree = SOURCE_ROOT; };
		AE08C2DD2B9EE98B00AEA573 /* FontFamilySample.swift */ = {isa = PBXFileReference; lastKnownFileType = sourcecode.swift; path = FontFamilySample.swift; sourceTree = "<group>"; };
		AE2EF8242B95975700663F18 /* UserProfile.swift */ = {isa = PBXFileReference; lastKnownFileType = sourcecode.swift; path = UserProfile.swift; sourceTree = "<group>"; };
		AE2EF8262B95A54700663F18 /* FetchedObjects.swift */ = {isa = PBXFileReference; fileEncoding = 4; lastKnownFileType = sourcecode.swift; path = FetchedObjects.swift; sourceTree = "<group>"; };
		AE2EF8282B95A58600663F18 /* MenuListStruct.swift */ = {isa = PBXFileReference; lastKnownFileType = sourcecode.swift; path = MenuListStruct.swift; sourceTree = "<group>"; };
		AE2EF82A2B95A58E00663F18 /* MenuItemStruct.swift */ = {isa = PBXFileReference; lastKnownFileType = sourcecode.swift; path = MenuItemStruct.swift; sourceTree = "<group>"; };
		AE2EF82D2B95A95400663F18 /* ExampleDatabase.xcdatamodel */ = {isa = PBXFileReference; lastKnownFileType = wrapper.xcdatamodel; path = ExampleDatabase.xcdatamodel; sourceTree = "<group>"; };
		AE4EB28C2B9FEAF500E83EF0 /* Karla.ttf */ = {isa = PBXFileReference; lastKnownFileType = file; path = Karla.ttf; sourceTree = "<group>"; };
		AE4EB28D2B9FEAF500E83EF0 /* Karla-Italic.ttf */ = {isa = PBXFileReference; lastKnownFileType = file; path = "Karla-Italic.ttf"; sourceTree = "<group>"; };
		AE4EB2912B9FEBE300E83EF0 /* Fonts.swift */ = {isa = PBXFileReference; lastKnownFileType = sourcecode.swift; path = Fonts.swift; sourceTree = "<group>"; };
		AE4EB2932B9FF6AF00E83EF0 /* Colors.swift */ = {isa = PBXFileReference; lastKnownFileType = sourcecode.swift; path = Colors.swift; sourceTree = "<group>"; };
		AE4EB2952B9FF95200E83EF0 /* UserDefaults.swift */ = {isa = PBXFileReference; lastKnownFileType = sourcecode.swift; path = UserDefaults.swift; sourceTree = "<group>"; };
		AE7322102B91B923005B665B /* Little Lemon V2.app */ = {isa = PBXFileReference; explicitFileType = wrapper.application; includeInIndex = 0; path = "Little Lemon V2.app"; sourceTree = BUILT_PRODUCTS_DIR; };
		AE7322132B91B923005B665B /* Little_Lemon_V2App.swift */ = {isa = PBXFileReference; lastKnownFileType = sourcecode.swift; path = Little_Lemon_V2App.swift; sourceTree = "<group>"; };
		AE7322152B91B923005B665B /* ContentView.swift */ = {isa = PBXFileReference; lastKnownFileType = sourcecode.swift; path = ContentView.swift; sourceTree = "<group>"; };
		AE7322172B91B925005B665B /* Assets.xcassets */ = {isa = PBXFileReference; lastKnownFileType = folder.assetcatalog; path = Assets.xcassets; sourceTree = "<group>"; };
		AE73221A2B91B925005B665B /* Preview Assets.xcassets */ = {isa = PBXFileReference; lastKnownFileType = folder.assetcatalog; path = "Preview Assets.xcassets"; sourceTree = "<group>"; };
		AE73221C2B91B925005B665B /* Persistence.swift */ = {isa = PBXFileReference; lastKnownFileType = sourcecode.swift; path = Persistence.swift; sourceTree = "<group>"; };
		AE73221F2B91B925005B665B /* Little_Lemon_V2.xcdatamodel */ = {isa = PBXFileReference; lastKnownFileType = wrapper.xcdatamodel; path = Little_Lemon_V2.xcdatamodel; sourceTree = "<group>"; };
		AE7322282B91B9AB005B665B /* Onboarding.swift */ = {isa = PBXFileReference; lastKnownFileType = sourcecode.swift; path = Onboarding.swift; sourceTree = "<group>"; };
		AE73222A2B91BE0D005B665B /* Home.swift */ = {isa = PBXFileReference; lastKnownFileType = sourcecode.swift; path = Home.swift; sourceTree = "<group>"; };
		AE73222C2B91BE31005B665B /* Menu.swift */ = {isa = PBXFileReference; lastKnownFileType = sourcecode.swift; path = Menu.swift; sourceTree = "<group>"; };
		AEA622BC2B95B5FB004BFC8E /* DishExtension.swift */ = {isa = PBXFileReference; lastKnownFileType = sourcecode.swift; path = DishExtension.swift; sourceTree = "<group>"; };
		AEA8D24A2BA1474F00BDCBF7 /* TempSample.swift */ = {isa = PBXFileReference; lastKnownFileType = sourcecode.swift; path = TempSample.swift; sourceTree = "<group>"; };
/* End PBXFileReference section */

/* Begin PBXFrameworksBuildPhase section */
		AE73220D2B91B923005B665B /* Frameworks */ = {
			isa = PBXFrameworksBuildPhase;
			buildActionMask = 2147483647;
			files = (
			);
			runOnlyForDeploymentPostprocessing = 0;
		};
/* End PBXFrameworksBuildPhase section */

/* Begin PBXGroup section */
		AE08C2D92B9EE64100AEA573 /* Fonts */ = {
			isa = PBXGroup;
			children = (
				AE4EB28D2B9FEAF500E83EF0 /* Karla-Italic.ttf */,
				AE4EB28C2B9FEAF500E83EF0 /* Karla.ttf */,
				AE08C2DA2B9EE64E00AEA573 /* MarkaziText.ttf */,
			);
			path = Fonts;
			sourceTree = "<group>";
		};
		AE4EB2902B9FEBD800E83EF0 /* Constants */ = {
			isa = PBXGroup;
			children = (
				AE4EB2912B9FEBE300E83EF0 /* Fonts.swift */,
				AE4EB2932B9FF6AF00E83EF0 /* Colors.swift */,
				AE4EB2952B9FF95200E83EF0 /* UserDefaults.swift */,
			);
			path = Constants;
			sourceTree = "<group>";
		};
		AE7322072B91B923005B665B = {
			isa = PBXGroup;
			children = (
				AE7322122B91B923005B665B /* Little Lemon V2 */,
				AE7322112B91B923005B665B /* Products */,
			);
			sourceTree = "<group>";
		};
		AE7322112B91B923005B665B /* Products */ = {
			isa = PBXGroup;
			children = (
				AE7322102B91B923005B665B /* Little Lemon V2.app */,
			);
			name = Products;
			sourceTree = "<group>";
		};
		AE7322122B91B923005B665B /* Little Lemon V2 */ = {
			isa = PBXGroup;
			children = (
				AEA8D2492BA1473800BDCBF7 /* Sample */,
				AE4EB2902B9FEBD800E83EF0 /* Constants */,
				AE08C2DB2B9EE72F00AEA573 /* Little-Lemon-V2-Info.plist */,
				AE08C2D92B9EE64100AEA573 /* Fonts */,
				AEA309722B9ECFE4002969C1 /* UserProfile */,
				AEA309712B9ECFDC002969C1 /* Home */,
				AEA309702B9ECFB9002969C1 /* Onboarding */,
				AE7322132B91B923005B665B /* Little_Lemon_V2App.swift */,
				AE7322152B91B923005B665B /* ContentView.swift */,
				AE7322282B91B9AB005B665B /* Onboarding.swift */,
				AE2EF82C2B95A95400663F18 /* ExampleDatabase.xcdatamodeld */,
				AE73222C2B91BE31005B665B /* Menu.swift */,
				AE08C2D72B9EDA6F00AEA573 /* NavigationBar.swift */,
				AE7322172B91B925005B665B /* Assets.xcassets */,
				AE73221C2B91B925005B665B /* Persistence.swift */,
				AE2EF8282B95A58600663F18 /* MenuListStruct.swift */,
				AEA622BC2B95B5FB004BFC8E /* DishExtension.swift */,
				AE2EF82A2B95A58E00663F18 /* MenuItemStruct.swift */,
				AE2EF8262B95A54700663F18 /* FetchedObjects.swift */,
				AE73221E2B91B925005B665B /* Little_Lemon_V2.xcdatamodeld */,
				AE7322192B91B925005B665B /* Preview Content */,
			);
			path = "Little Lemon V2";
			sourceTree = "<group>";
		};
		AE7322192B91B925005B665B /* Preview Content */ = {
			isa = PBXGroup;
			children = (
				AE73221A2B91B925005B665B /* Preview Assets.xcassets */,
			);
			path = "Preview Content";
			sourceTree = "<group>";
		};
		AEA309702B9ECFB9002969C1 /* Onboarding */ = {
			isa = PBXGroup;
			children = (
			);
			path = Onboarding;
			sourceTree = "<group>";
		};
		AEA309712B9ECFDC002969C1 /* Home */ = {
			isa = PBXGroup;
			children = (
				AE73222A2B91BE0D005B665B /* Home.swift */,
			);
			path = Home;
			sourceTree = "<group>";
		};
		AEA309722B9ECFE4002969C1 /* UserProfile */ = {
			isa = PBXGroup;
			children = (
				AE2EF8242B95975700663F18 /* UserProfile.swift */,
			);
			path = UserProfile;
			sourceTree = "<group>";
		};
		AEA8D2492BA1473800BDCBF7 /* Sample */ = {
			isa = PBXGroup;
			children = (
				AE08C2DD2B9EE98B00AEA573 /* FontFamilySample.swift */,
				AEA8D24A2BA1474F00BDCBF7 /* TempSample.swift */,
			);
			path = Sample;
			sourceTree = "<group>";
		};
/* End PBXGroup section */

/* Begin PBXNativeTarget section */
		AE73220F2B91B923005B665B /* Little Lemon V2 */ = {
			isa = PBXNativeTarget;
			buildConfigurationList = AE7322232B91B925005B665B /* Build configuration list for PBXNativeTarget "Little Lemon V2" */;
			buildPhases = (
				AE73220C2B91B923005B665B /* Sources */,
				AE73220D2B91B923005B665B /* Frameworks */,
				AE73220E2B91B923005B665B /* Resources */,
			);
			buildRules = (
			);
			dependencies = (
			);
			name = "Little Lemon V2";
			productName = "Little Lemon V2";
			productReference = AE7322102B91B923005B665B /* Little Lemon V2.app */;
			productType = "com.apple.product-type.application";
		};
/* End PBXNativeTarget section */

/* Begin PBXProject section */
		AE7322082B91B923005B665B /* Project object */ = {
			isa = PBXProject;
			attributes = {
				BuildIndependentTargetsInParallel = 1;
				LastSwiftUpdateCheck = 1510;
				LastUpgradeCheck = 1510;
				TargetAttributes = {
					AE73220F2B91B923005B665B = {
						CreatedOnToolsVersion = 15.1;
					};
				};
			};
			buildConfigurationList = AE73220B2B91B923005B665B /* Build configuration list for PBXProject "Little Lemon V2" */;
			compatibilityVersion = "Xcode 14.0";
			developmentRegion = en;
			hasScannedForEncodings = 0;
			knownRegions = (
				en,
				Base,
			);
			mainGroup = AE7322072B91B923005B665B;
			productRefGroup = AE7322112B91B923005B665B /* Products */;
			projectDirPath = "";
			projectRoot = "";
			targets = (
				AE73220F2B91B923005B665B /* Little Lemon V2 */,
			);
		};
/* End PBXProject section */

/* Begin PBXResourcesBuildPhase section */
		AE73220E2B91B923005B665B /* Resources */ = {
			isa = PBXResourcesBuildPhase;
			buildActionMask = 2147483647;
			files = (
				AE73221B2B91B925005B665B /* Preview Assets.xcassets in Resources */,
				AE08C2E12B9EEC0C00AEA573 /* Little-Lemon-V2-Info.plist in Resources */,
				AE4EB28F2B9FEAF500E83EF0 /* Karla-Italic.ttf in Resources */,
				AE7322182B91B925005B665B /* Assets.xcassets in Resources */,
				AE08C2E02B9EEAA200AEA573 /* MarkaziText.ttf in Resources */,
				AE4EB28E2B9FEAF500E83EF0 /* Karla.ttf in Resources */,
			);
			runOnlyForDeploymentPostprocessing = 0;
		};
/* End PBXResourcesBuildPhase section */

/* Begin PBXSourcesBuildPhase section */
		AE73220C2B91B923005B665B /* Sources */ = {
			isa = PBXSourcesBuildPhase;
			buildActionMask = 2147483647;
			files = (
				AE4EB2922B9FEBE300E83EF0 /* Fonts.swift in Sources */,
				AE73221D2B91B925005B665B /* Persistence.swift in Sources */,
				AE7322162B91B923005B665B /* ContentView.swift in Sources */,
				AEA8D24B2BA1474F00BDCBF7 /* TempSample.swift in Sources */,
				AE4EB2942B9FF6AF00E83EF0 /* Colors.swift in Sources */,
				AE08C2DE2B9EE98B00AEA573 /* FontFamilySample.swift in Sources */,
				AE73222D2B91BE31005B665B /* Menu.swift in Sources */,
				AE7322292B91B9AB005B665B /* Onboarding.swift in Sources */,
				AE2EF8252B95975700663F18 /* UserProfile.swift in Sources */,
				AE7322142B91B923005B665B /* Little_Lemon_V2App.swift in Sources */,
				AE73222B2B91BE0D005B665B /* Home.swift in Sources */,
				AE7322202B91B925005B665B /* Little_Lemon_V2.xcdatamodeld in Sources */,
				AE2EF82B2B95A58E00663F18 /* MenuItemStruct.swift in Sources */,
				AE2EF82E2B95A95400663F18 /* ExampleDatabase.xcdatamodeld in Sources */,
				AEA622BD2B95B5FB004BFC8E /* DishExtension.swift in Sources */,
				AE4EB2962B9FF95200E83EF0 /* UserDefaults.swift in Sources */,
				AE08C2D82B9EDA6F00AEA573 /* NavigationBar.swift in Sources */,
				AE2EF8292B95A58600663F18 /* MenuListStruct.swift in Sources */,
				AE2EF8272B95A54700663F18 /* FetchedObjects.swift in Sources */,
			);
			runOnlyForDeploymentPostprocessing = 0;
		};
/* End PBXSourcesBuildPhase section */

/* Begin XCBuildConfiguration section */
		AE7322212B91B925005B665B /* Debug */ = {
			isa = XCBuildConfiguration;
			buildSettings = {
				ALWAYS_SEARCH_USER_PATHS = NO;
				ASSETCATALOG_COMPILER_GENERATE_SWIFT_ASSET_SYMBOL_EXTENSIONS = YES;
				CLANG_ANALYZER_NONNULL = YES;
				CLANG_ANALYZER_NUMBER_OBJECT_CONVERSION = YES_AGGRESSIVE;
				CLANG_CXX_LANGUAGE_STANDARD = "gnu++20";
				CLANG_ENABLE_MODULES = YES;
				CLANG_ENABLE_OBJC_ARC = YES;
				CLANG_ENABLE_OBJC_WEAK = YES;
				CLANG_WARN_BLOCK_CAPTURE_AUTORELEASING = YES;
				CLANG_WARN_BOOL_CONVERSION = YES;
				CLANG_WARN_COMMA = YES;
				CLANG_WARN_CONSTANT_CONVERSION = YES;
				CLANG_WARN_DEPRECATED_OBJC_IMPLEMENTATIONS = YES;
				CLANG_WARN_DIRECT_OBJC_ISA_USAGE = YES_ERROR;
				CLANG_WARN_DOCUMENTATION_COMMENTS = YES;
				CLANG_WARN_EMPTY_BODY = YES;
				CLANG_WARN_ENUM_CONVERSION = YES;
				CLANG_WARN_INFINITE_RECURSION = YES;
				CLANG_WARN_INT_CONVERSION = YES;
				CLANG_WARN_NON_LITERAL_NULL_CONVERSION = YES;
				CLANG_WARN_OBJC_IMPLICIT_RETAIN_SELF = YES;
				CLANG_WARN_OBJC_LITERAL_CONVERSION = YES;
				CLANG_WARN_OBJC_ROOT_CLASS = YES_ERROR;
				CLANG_WARN_QUOTED_INCLUDE_IN_FRAMEWORK_HEADER = YES;
				CLANG_WARN_RANGE_LOOP_ANALYSIS = YES;
				CLANG_WARN_STRICT_PROTOTYPES = YES;
				CLANG_WARN_SUSPICIOUS_MOVE = YES;
				CLANG_WARN_UNGUARDED_AVAILABILITY = YES_AGGRESSIVE;
				CLANG_WARN_UNREACHABLE_CODE = YES;
				CLANG_WARN__DUPLICATE_METHOD_MATCH = YES;
				COPY_PHASE_STRIP = NO;
				DEBUG_INFORMATION_FORMAT = dwarf;
				ENABLE_STRICT_OBJC_MSGSEND = YES;
				ENABLE_TESTABILITY = YES;
				ENABLE_USER_SCRIPT_SANDBOXING = YES;
				GCC_C_LANGUAGE_STANDARD = gnu17;
				GCC_DYNAMIC_NO_PIC = NO;
				GCC_NO_COMMON_BLOCKS = YES;
				GCC_OPTIMIZATION_LEVEL = 0;
				GCC_PREPROCESSOR_DEFINITIONS = (
					"DEBUG=1",
					"$(inherited)",
				);
				GCC_WARN_64_TO_32_BIT_CONVERSION = YES;
				GCC_WARN_ABOUT_RETURN_TYPE = YES_ERROR;
				GCC_WARN_UNDECLARED_SELECTOR = YES;
				GCC_WARN_UNINITIALIZED_AUTOS = YES_AGGRESSIVE;
				GCC_WARN_UNUSED_FUNCTION = YES;
				GCC_WARN_UNUSED_VARIABLE = YES;
				IPHONEOS_DEPLOYMENT_TARGET = 17.2;
				LOCALIZATION_PREFERS_STRING_CATALOGS = YES;
				MTL_ENABLE_DEBUG_INFO = INCLUDE_SOURCE;
				MTL_FAST_MATH = YES;
				ONLY_ACTIVE_ARCH = YES;
				SDKROOT = iphoneos;
				SWIFT_ACTIVE_COMPILATION_CONDITIONS = "DEBUG $(inherited)";
				SWIFT_OPTIMIZATION_LEVEL = "-Onone";
			};
			name = Debug;
		};
		AE7322222B91B925005B665B /* Release */ = {
			isa = XCBuildConfiguration;
			buildSettings = {
				ALWAYS_SEARCH_USER_PATHS = NO;
				ASSETCATALOG_COMPILER_GENERATE_SWIFT_ASSET_SYMBOL_EXTENSIONS = YES;
				CLANG_ANALYZER_NONNULL = YES;
				CLANG_ANALYZER_NUMBER_OBJECT_CONVERSION = YES_AGGRESSIVE;
				CLANG_CXX_LANGUAGE_STANDARD = "gnu++20";
				CLANG_ENABLE_MODULES = YES;
				CLANG_ENABLE_OBJC_ARC = YES;
				CLANG_ENABLE_OBJC_WEAK = YES;
				CLANG_WARN_BLOCK_CAPTURE_AUTORELEASING = YES;
				CLANG_WARN_BOOL_CONVERSION = YES;
				CLANG_WARN_COMMA = YES;
				CLANG_WARN_CONSTANT_CONVERSION = YES;
				CLANG_WARN_DEPRECATED_OBJC_IMPLEMENTATIONS = YES;
				CLANG_WARN_DIRECT_OBJC_ISA_USAGE = YES_ERROR;
				CLANG_WARN_DOCUMENTATION_COMMENTS = YES;
				CLANG_WARN_EMPTY_BODY = YES;
				CLANG_WARN_ENUM_CONVERSION = YES;
				CLANG_WARN_INFINITE_RECURSION = YES;
				CLANG_WARN_INT_CONVERSION = YES;
				CLANG_WARN_NON_LITERAL_NULL_CONVERSION = YES;
				CLANG_WARN_OBJC_IMPLICIT_RETAIN_SELF = YES;
				CLANG_WARN_OBJC_LITERAL_CONVERSION = YES;
				CLANG_WARN_OBJC_ROOT_CLASS = YES_ERROR;
				CLANG_WARN_QUOTED_INCLUDE_IN_FRAMEWORK_HEADER = YES;
				CLANG_WARN_RANGE_LOOP_ANALYSIS = YES;
				CLANG_WARN_STRICT_PROTOTYPES = YES;
				CLANG_WARN_SUSPICIOUS_MOVE = YES;
				CLANG_WARN_UNGUARDED_AVAILABILITY = YES_AGGRESSIVE;
				CLANG_WARN_UNREACHABLE_CODE = YES;
				CLANG_WARN__DUPLICATE_METHOD_MATCH = YES;
				COPY_PHASE_STRIP = NO;
				DEBUG_INFORMATION_FORMAT = "dwarf-with-dsym";
				ENABLE_NS_ASSERTIONS = NO;
				ENABLE_STRICT_OBJC_MSGSEND = YES;
				ENABLE_USER_SCRIPT_SANDBOXING = YES;
				GCC_C_LANGUAGE_STANDARD = gnu17;
				GCC_NO_COMMON_BLOCKS = YES;
				GCC_WARN_64_TO_32_BIT_CONVERSION = YES;
				GCC_WARN_ABOUT_RETURN_TYPE = YES_ERROR;
				GCC_WARN_UNDECLARED_SELECTOR = YES;
				GCC_WARN_UNINITIALIZED_AUTOS = YES_AGGRESSIVE;
				GCC_WARN_UNUSED_FUNCTION = YES;
				GCC_WARN_UNUSED_VARIABLE = YES;
				IPHONEOS_DEPLOYMENT_TARGET = 17.2;
				LOCALIZATION_PREFERS_STRING_CATALOGS = YES;
				MTL_ENABLE_DEBUG_INFO = NO;
				MTL_FAST_MATH = YES;
				SDKROOT = iphoneos;
				SWIFT_COMPILATION_MODE = wholemodule;
				VALIDATE_PRODUCT = YES;
			};
			name = Release;
		};
		AE7322242B91B925005B665B /* Debug */ = {
			isa = XCBuildConfiguration;
			buildSettings = {
				ASSETCATALOG_COMPILER_APPICON_NAME = AppIcon;
				ASSETCATALOG_COMPILER_GLOBAL_ACCENT_COLOR_NAME = AccentColor;
				CODE_SIGN_STYLE = Automatic;
				CURRENT_PROJECT_VERSION = 1;
				DEVELOPMENT_ASSET_PATHS = "\"Little Lemon V2/Preview Content\"";
				DEVELOPMENT_TEAM = P9R3K6Y4LP;
				ENABLE_PREVIEWS = YES;
				GENERATE_INFOPLIST_FILE = YES;
				INFOPLIST_FILE = "Little-Lemon-V2-Info.plist";
				INFOPLIST_KEY_UIApplicationSceneManifest_Generation = YES;
				INFOPLIST_KEY_UIApplicationSupportsIndirectInputEvents = YES;
				INFOPLIST_KEY_UILaunchScreen_Generation = YES;
				INFOPLIST_KEY_UISupportedInterfaceOrientations_iPad = "UIInterfaceOrientationPortrait UIInterfaceOrientationPortraitUpsideDown UIInterfaceOrientationLandscapeLeft UIInterfaceOrientationLandscapeRight";
				INFOPLIST_KEY_UISupportedInterfaceOrientations_iPhone = "UIInterfaceOrientationPortrait UIInterfaceOrientationLandscapeLeft UIInterfaceOrientationLandscapeRight";
				LD_RUNPATH_SEARCH_PATHS = (
					"$(inherited)",
					"@executable_path/Frameworks",
				);
				MARKETING_VERSION = 1.0;
				PRODUCT_BUNDLE_IDENTIFIER = "com.capstoneLittleLemon.mobileApplication.Little-Lemon-V2";
				PRODUCT_NAME = "$(TARGET_NAME)";
				SWIFT_EMIT_LOC_STRINGS = YES;
				SWIFT_VERSION = 5.0;
				TARGETED_DEVICE_FAMILY = "1,2";
			};
			name = Debug;
		};
		AE7322252B91B925005B665B /* Release */ = {
			isa = XCBuildConfiguration;
			buildSettings = {
				ASSETCATALOG_COMPILER_APPICON_NAME = AppIcon;
				ASSETCATALOG_COMPILER_GLOBAL_ACCENT_COLOR_NAME = AccentColor;
				CODE_SIGN_STYLE = Automatic;
				CURRENT_PROJECT_VERSION = 1;
				DEVELOPMENT_ASSET_PATHS = "\"Little Lemon V2/Preview Content\"";
				DEVELOPMENT_TEAM = P9R3K6Y4LP;
				ENABLE_PREVIEWS = YES;
				GENERATE_INFOPLIST_FILE = YES;
				INFOPLIST_FILE = "Little-Lemon-V2-Info.plist";
				INFOPLIST_KEY_UIApplicationSceneManifest_Generation = YES;
				INFOPLIST_KEY_UIApplicationSupportsIndirectInputEvents = YES;
				INFOPLIST_KEY_UILaunchScreen_Generation = YES;
				INFOPLIST_KEY_UISupportedInterfaceOrientations_iPad = "UIInterfaceOrientationPortrait UIInterfaceOrientationPortraitUpsideDown UIInterfaceOrientationLandscapeLeft UIInterfaceOrientationLandscapeRight";
				INFOPLIST_KEY_UISupportedInterfaceOrientations_iPhone = "UIInterfaceOrientationPortrait UIInterfaceOrientationLandscapeLeft UIInterfaceOrientationLandscapeRight";
				LD_RUNPATH_SEARCH_PATHS = (
					"$(inherited)",
					"@executable_path/Frameworks",
				);
				MARKETING_VERSION = 1.0;
				PRODUCT_BUNDLE_IDENTIFIER = "com.capstoneLittleLemon.mobileApplication.Little-Lemon-V2";
				PRODUCT_NAME = "$(TARGET_NAME)";
				SWIFT_EMIT_LOC_STRINGS = YES;
				SWIFT_VERSION = 5.0;
				TARGETED_DEVICE_FAMILY = "1,2";
			};
			name = Release;
		};
/* End XCBuildConfiguration section */

/* Begin XCConfigurationList section */
		AE73220B2B91B923005B665B /* Build configuration list for PBXProject "Little Lemon V2" */ = {
			isa = XCConfigurationList;
			buildConfigurations = (
				AE7322212B91B925005B665B /* Debug */,
				AE7322222B91B925005B665B /* Release */,
			);
			defaultConfigurationIsVisible = 0;
			defaultConfigurationName = Release;
		};
		AE7322232B91B925005B665B /* Build configuration list for PBXNativeTarget "Little Lemon V2" */ = {
			isa = XCConfigurationList;
			buildConfigurations = (
				AE7322242B91B925005B665B /* Debug */,
				AE7322252B91B925005B665B /* Release */,
			);
			defaultConfigurationIsVisible = 0;
			defaultConfigurationName = Release;
		};
/* End XCConfigurationList section */

/* Begin XCVersionGroup section */
		AE2EF82C2B95A95400663F18 /* ExampleDatabase.xcdatamodeld */ = {
			isa = XCVersionGroup;
			children = (
				AE2EF82D2B95A95400663F18 /* ExampleDatabase.xcdatamodel */,
			);
			currentVersion = AE2EF82D2B95A95400663F18 /* ExampleDatabase.xcdatamodel */;
			path = ExampleDatabase.xcdatamodeld;
			sourceTree = "<group>";
			versionGroupType = wrapper.xcdatamodel;
		};
		AE73221E2B91B925005B665B /* Little_Lemon_V2.xcdatamodeld */ = {
			isa = XCVersionGroup;
			children = (
				AE73221F2B91B925005B665B /* Little_Lemon_V2.xcdatamodel */,
			);
			currentVersion = AE73221F2B91B925005B665B /* Little_Lemon_V2.xcdatamodel */;
			path = Little_Lemon_V2.xcdatamodeld;
			sourceTree = "<group>";
			versionGroupType = wrapper.xcdatamodel;
		};
/* End XCVersionGroup section */
	};
	rootObject = AE7322082B91B923005B665B /* Project object */;
}
